
Microsoft Visual Studio Solution File, Format Version 12.00
# Visual Studio Version 17
VisualStudioVersion = 17.6.33829.357
MinimumVisualStudioVersion = 10.0.40219.1
Project("{FAE04EC0-301F-11D3-BF4B-00C04F79EFBC}") = "Form1", "Form1\Form1.csproj", "{20628E2F-4AF5-4823-9972-1350C11F01B2}"
EndProject
Global
	GlobalSection(SolutionConfigurationPlatforms) = preSolution
		Debug|Any CPU = Debug|Any CPU
		Release|Any CPU = Release|Any CPU
	EndGlobalSection
	GlobalSection(ProjectConfigurationPlatforms) = postSolution
		{20628E2F-4AF5-4823-9972-1350C11F01B2}.Debug|Any CPU.ActiveCfg = Debug|Any CPU
		{20628E2F-4AF5-4823-9972-1350C11F01B2}.Debug|Any CPU.Build.0 = Debug|Any CPU
		{20628E2F-4AF5-4823-9972-1350C11F01B2}.Release|Any CPU.ActiveCfg = Release|Any CPU
		{20628E2F-4AF5-4823-9972-1350C11F01B2}.Release|Any CPU.Build.0 = Release|Any CPU
	EndGlobalSection
	GlobalSection(SolutionProperties) = preSolution
		HideSolutionNode = FALSE
	EndGlobalSection
	GlobalSection(ExtensibilityGlobals) = postSolution
		SolutionGuid = {86806AE2-BDF1-4944-BF9B-35B4C649D121}
	EndGlobalSection
EndGlobal
